{
  "name": "@gamebot/core",
  "version": "0.1.0",
  "lockfileVersion": 3,
  "requires": true,
  "packages": {
    "": {
      "name": "@gamebot/core",
      "version": "0.1.0",
      "workspaces": [
        "packages/*"
      ],
      "dependencies": {
        "@types/node": "^22.20.3",
        "ai": "^7.0.111",
        "typescript": "^5.9.3",
        "zod": "^4.6.5"
      }
    },
    "node_modules/@ai-sdk/gateway": {
      "version": "4.0.89",
      "resolved": "https://registry.npmjs.org/@ai-sdk/gateway/-/gateway-4.0.89.tgz",
      "integrity": "sha512-n0Q88UUASYQBGK3Ogs9pCe8h3ZXeTHFSuGOLBJAyH73MVGNKUv9w8EJX2f340WUF3eDWWOV305gO7YBpSCPblA==",
      "license": "Apache-2.0",
      "dependencies": {
        "@ai-sdk/provider": "4.0.17",
        "@ai-sdk/provider-utils": "5.0.45",
        "@vercel/oidc": "3.2.0"
      },
      "engines": {
        "node": ">=22"
      },
      "peerDependencies": {
        "zod": "^3.25.76 || ^4.1.8"
      }
    },
    "node_modules/@ai-sdk/provider": {
      "version": "4.0.17",
      "resolved": "https://registry.npmjs.org/@ai-sdk/provider/-/provider-4.0.17.tgz",
      "integrity": "sha512-VYMBxIQdcHqbIf1j+YZlI9Ati6LZ4wJe0GGd4z4a5H/KxTggjeOiyaVYTnfF7LHZK5jMQ+rofmzz4QPqf++NUw==",
      "license": "Apache-2.0",
      "dependencies": {
        "json-schema": "^0.4.0"
      },
      "engines": {
        "node": ">=22"
      }
    },
    "node_modules/@ai-sdk/provider-utils": {
      "version": "5.0.45",
      "resolved": "https://registry.npmjs.org/@ai-sdk/provider-utils/-/provider-utils-5.0.45.tgz",
      "integrity": "sha512-gLuaCups8OCIRz3eO6WWz5op7VLYNNtFzyH0sWUr0FE9v7cTxR0qxDpQdrKnGcql+9WWttobjnZsJVsuEbsPQQ==",
      "license": "Apache-2.0",
      "dependencies": {
        "@ai-sdk/provider": "4.0.17",
        "@standard-schema/spec": "^1.1.0",
        "@workflow/serde": "4.1.0",
        "eventsource-parser": "^3.0.8",
        "undici": "^7.29.0"
      },
      "engines": {
        "node": ">=22"
      },
      "peerDependencies": {
        "zod": "^3.25.76 || ^4.1.8"
      }
    },
    "node_modules/@gamebot/2048": {
      "resolved": "packages/2048",
      "link": true
    },
    "node_modules/@gamebot/browser": {
      "resolved": "packages/browser",
      "link": true
    },
    "node_modules/@gamebot/chess": {
      "resolved": "packages/chess",
      "link": true
    },
    "node_modules/@gamebot/core": {
      "resolved": "",
      "link": true
    },
    "node_modules/@gamebot/openrct2": {
      "resolved": "packages/openrct2",
      "link": true
    },
    "node_modules/@gamebot/runebench": {
      "resolved": "packages/runebench",
      "link": true
    },
    "node_modules/@gamebot/snake": {
      "resolved": "packages/snake",
      "link": true
    },
    "node_modules/@standard-schema/spec": {
      "version": "1.1.0",
      "resolved": "https://registry.npmjs.org/@standard-schema/spec/-/spec-1.1.0.tgz",
      "integrity": "sha512-l2aFy5jALhniG5HgqrD6jXLi/rUWrKvqN/qJx6yoJsgKhblVd+iqqU4RCXavm/jPityDo5TCvKMnpjKnOriy0w==",
      "license": "MIT"
    },
    "node_modules/@types/node": {
      "version": "22.20.3",
      "resolved": "https://registry.npmjs.org/@types/node/-/node-22.20.3.tgz",
      "integrity": "sha512-DZmzkmwHzXrLPAXPyKNDzlIwMMUZCVacoD25ywdy5YTKGbOx/2ld+Q38Im2zJ0vBuZP5Prd3VZutKZyXwkOS8A==",
      "license": "MIT",
      "dependencies": {
        "undici-types": "~6.21.0"
      }
    },
    "node_modules/@vercel/oidc": {
      "version": "3.2.0",
      "resolved": "https://registry.npmjs.org/@vercel/oidc/-/oidc-3.2.0.tgz",
      "integrity": "sha512-UycprH3T6n3jH0k44NHMa7pnFHGu/N05MjojYr+Mc6I7obkoLIJujSWwin1pCvdy/eOxrI/l3uDLQsmcrOb4ug==",
      "license": "Apache-2.0",
      "engines": {
        "node": ">= 20"
      }
    },
    "node_modules/@workflow/serde": {
      "version": "4.1.0",
      "resolved": "https://registry.npmjs.org/@workflow/serde/-/serde-4.1.0.tgz",
      "integrity": "sha512-pav4F2BoirECWR7Nf1TKt+2eETcBj7jj4cBefQ8VXQCA6NPkaKeLfj/zMgi+3zYV5ZIBT4GuUiphsj0/b9hPQQ==",
      "license": "Apache-2.0"
    },
    "node_modules/ai": {
      "version": "7.0.111",
      "resolved": "https://registry.npmjs.org/ai/-/ai-7.0.111.tgz",
      "integrity": "sha512-jd35WisL5FT7lFB6wIsZ38G0EaL4p1o+bUuRfkZGTXqO21U3SWyEZ+muV7N191QQfNeExgoyaeFoa8Jx6Uo+0A==",
      "license": "Apache-2.0",
      "dependencies": {
        "@ai-sdk/gateway": "4.0.89",
        "@ai-sdk/provider": "4.0.17",
        "@ai-sdk/provider-utils": "5.0.45"
      },
      "engines": {
        "node": ">=22"
      },
      "peerDependencies": {
        "zod": "^3.25.76 || ^4.1.8"
      }
    },
    "node_modules/chess.js": {
      "version": "1.4.0",
      "resolved": "https://registry.npmjs.org/chess.js/-/chess.js-1.4.0.tgz",
      "integrity": "sha512-BBJgrrtKQOzFLonR0l+k64A98NLemPwNsCskwb+29bRwobUa4iTm51E1kwGPbWXAcfdDa18nad6vpPPKPWarqw==",
      "license": "BSD-2-Clause"
    },
    "node_modules/eventsource-parser": {
      "version": "3.1.1",
      "resolved": "https://registry.npmjs.org/eventsource-parser/-/eventsource-parser-3.1.1.tgz",
      "integrity": "sha512-EKN1vKAMcZ8MlYMpaNuxN6R9yakzH6uajHcHVTqWJzvu5pWw9DyhbP35HH8MVBQ+dZjAfDxk+A8NiR9KWaXiyQ==",
      "license": "MIT",
      "engines": {
        "node": ">=18.0.0"
      }
    },
    "node_modules/json-schema": {
      "version": "0.4.0",
      "resolved": "https://registry.npmjs.org/json-schema/-/json-schema-0.4.0.tgz",
      "integrity": "sha512-es94M3nTIfsEPisRafak+HDLfHXnKBhV3vU5eqPcS3flIWqcxJWgXHXiey3YrpaNsanY5ei1VoYEbOzijuq9BA==",
      "license": "(AFL-2.1 OR BSD-3-Clause)"
    },
    "node_modules/playwright": {
      "version": "1.63.0",
      "resolved": "https://registry.npmjs.org/playwright/-/playwright-1.63.0.tgz",
      "integrity": "sha512-+7ziBLidS4NaNCdt57SUDT+wYmmd5fmiQejUic/kb+YsYSCPyOOE9sebzMjNmQrsnNpDJqd4WHvV/8lfKfUDUg==",
      "license": "Apache-2.0",
      "dependencies": {
        "playwright-core": "1.63.0"
      },
      "bin": {
        "playwright": "cli.js"
      },
      "engines": {
        "node": ">=20"
      }
    },
    "node_modules/playwright-core": {
      "version": "1.63.0",
      "resolved": "https://registry.npmjs.org/playwright-core/-/playwright-core-1.63.0.tgz",
      "integrity": "sha512-rYCsBF/M5HjUch52bbtVONEFjv6Xu8sm8h72dNlR5bzIE1fvC/bxgspzkjSfU+MweEMmPM8KJebG6nnyxo5mCg==",
      "license": "Apache-2.0",
      "bin": {
        "playwright-core": "cli.js"
      },
      "engines": {
        "node": ">=20"
      }
    },
    "node_modules/typescript": {
      "version": "5.9.3",
      "resolved": "https://registry.npmjs.org/typescript/-/typescript-5.9.3.tgz",
      "integrity": "sha512-jl1vZzPDinLr9eUt3J/t7V6FgNEw9QjvBPdysz9KfQDD41fQrC2Y4vKQdiaUpFT4bXlb1RHhLpp8wtm6M5TgSw==",
      "license": "Apache-2.0",
      "bin": {
        "tsc": "bin/tsc",
        "tsserver": "bin/tsserver"
      },
      "engines": {
        "node": ">=14.17"
      }
    },
    "node_modules/undici": {
      "version": "7.29.1",
      "resolved": "https://registry.npmjs.org/undici/-/undici-7.29.1.tgz",
      "integrity": "sha512-RYONW2MeafgYlkVOKYKkA/Ag7BmXqgIWCa8t1m0JcxrQg9pI9lEqRhAOruOBCbAohOa/gkCF+iPi9hrgvTzu6Q==",
      "license": "MIT",
      "engines": {
        "node": ">=20.18.1"
      }
    },
    "node_modules/undici-types": {
      "version": "6.21.0",
      "resolved": "https://registry.npmjs.org/undici-types/-/undici-types-6.21.0.tgz",
      "integrity": "sha512-iwDZqg0QAGrg9Rav5H4n0M64c3mkR59cJ6wQp+7C4nI0gsmExaedaYLNO44eT4AtBBwjbTiGPMlt2Md0T9H9JQ=="
    },
    "node_modules/zod": {
      "version": "4.6.5",
      "resolved": "https://registry.npmjs.org/zod/-/zod-4.6.5.tgz",
      "integrity": "sha512-v5l/aFXZQeai4awLbOpSoHecE9UiMrnfx75tEXLjNonXVARxQ5mOeipTjROUchszUNCqnE+hqAMujRsRHsut2Q==",
      "license": "MIT",
      "funding": {
        "url": "https://github.com/sponsors/colinhacks"
      }
    },
    "packages/2048": {
      "name": "@gamebot/2048",
      "version": "0.1.0",
      "dependencies": {
        "playwright": "^1.63.0"
      },
      "bin": {
        "gamebot-2048": "dist/cli.js"
      },
      "devDependencies": {
        "@gamebot/browser": "file:../browser",
        "@gamebot/core": "file:../..",
        "@types/node": "^22.20.3",
        "typescript": "^5.9.3"
      },
      "peerDependencies": {
        "@gamebot/browser": "^0.1.0",
        "@gamebot/core": "^0.1.0"
      }
    },
    "packages/browser": {
      "name": "@gamebot/browser",
      "version": "0.1.0",
      "devDependencies": {
        "@gamebot/core": "file:../..",
        "@types/node": "^22.20.3",
        "typescript": "^5.9.3"
      },
      "peerDependencies": {
        "@gamebot/core": "^0.1.0"
      }
    },
    "packages/chess": {
      "name": "@gamebot/chess",
      "version": "0.1.0",
      "dependencies": {
        "chess.js": "^1.4.0"
      },
      "bin": {
        "gamebot-chess": "dist/cli.js"
      },
      "devDependencies": {
        "@gamebot/core": "file:../..",
        "@types/node": "^22.20.3",
        "typescript": "^5.9.3"
      },
      "peerDependencies": {
        "@gamebot/core": "^0.1.0"
      }
    },
    "packages/openrct2": {
      "name": "@gamebot/openrct2",
      "version": "0.1.0",
      "bin": {
        "gamebot-openrct2": "dist/cli.js"
      },
      "devDependencies": {
        "@gamebot/core": "file:../..",
        "@types/node": "^22.20.3",
        "typescript": "^5.9.3"
      },
      "peerDependencies": {
        "@gamebot/core": "^0.1.0"
      }
    },
    "packages/runebench": {
      "name": "@gamebot/runebench",
      "version": "0.1.0",
      "devDependencies": {
        "@gamebot/core": "file:../..",
        "@types/node": "^22.20.3",
        "typescript": "^5.9.3"
      },
      "peerDependencies": {
        "@gamebot/core": "^0.1.0"
      }
    },
    "packages/snake": {
      "name": "@gamebot/snake",
      "version": "0.1.0",
      "bin": {
        "gamebot-snake": "dist/cli.js"
      },
      "devDependencies": {
        "@gamebot/core": "file:../..",
        "@types/node": "^22.20.3",
        "typescript": "^5.9.3"
      },
      "peerDependencies": {
        "@gamebot/core": "^0.1.0"
      }
    }
  }
}
